
Microsoft Visual Studio Solution File, Format Version 12.00
# Visual Studio Version 17
VisualStudioVersion = 17.14.36511.14 d17.14
MinimumVisualStudioVersion = 10.0.40219.1
Project("{FAE04EC0-301F-11D3-BF4B-00C04F79EFBC}") = "Krins.Analyzer", "Krins.Analyzer\Krins.Analyzer.csproj", "{598980E6-A4F5-43AD-881F-C105FB55CEFB}"
EndProject
Project("{FAE04EC0-301F-11D3-BF4B-00C04F79EFBC}") = "Krins.Analyzer.Attributes", "Krins.Analyzer.Attributes\Krins.Analyzer.Attributes.csproj", "{AAA4BE07-E0B8-4FAA-BF9C-D8ED969039F3}"
EndProject
Global
	GlobalSection(SolutionConfigurationPlatforms) = preSolution
		Debug|Any CPU = Debug|Any CPU
		Release|Any CPU = Release|Any CPU
	EndGlobalSection
	GlobalSection(ProjectConfigurationPlatforms) = postSolution
		{598980E6-A4F5-43AD-881F-C105FB55CEFB}.Debug|Any CPU.ActiveCfg = Debug|Any CPU
		{598980E6-A4F5-43AD-881F-C105FB55CEFB}.Debug|Any CPU.Build.0 = Debug|Any CPU
		{598980E6-A4F5-43AD-881F-C105FB55CEFB}.Release|Any CPU.ActiveCfg = Release|Any CPU
		{598980E6-A4F5-43AD-881F-C105FB55CEFB}.Release|Any CPU.Build.0 = Release|Any CPU
		{AAA4BE07-E0B8-4FAA-BF9C-D8ED969039F3}.Debug|Any CPU.ActiveCfg = Debug|Any CPU
		{AAA4BE07-E0B8-4FAA-BF9C-D8ED969039F3}.Debug|Any CPU.Build.0 = Debug|Any CPU
		{AAA4BE07-E0B8-4FAA-BF9C-D8ED969039F3}.Release|Any CPU.ActiveCfg = Release|Any CPU
		{AAA4BE07-E0B8-4FAA-BF9C-D8ED969039F3}.Release|Any CPU.Build.0 = Release|Any CPU
	EndGlobalSection
	GlobalSection(SolutionProperties) = preSolution
		HideSolutionNode = FALSE
	EndGlobalSection
	GlobalSection(ExtensibilityGlobals) = postSolution
		SolutionGuid = {968BE68D-00CA-41E3-857D-A27B2C500F50}
	EndGlobalSection
EndGlobal
